
Microsoft Visual Studio Solution File, Format Version 12.00
# Visual Studio Version 17
VisualStudioVersion = 17.0.31903.59
MinimumVisualStudioVersion = 10.0.40219.1
Project("{9A19103F-16F7-4668-BE54-9A1E7A4F7556}") = "OpenSurvey.WebAPI", "OpenSurvey.WebAPI\OpenSurvey.WebAPI.csproj", "{FDD5B9D0-A6D2-4360-9A96-0156978CB3A9}"
EndProject
Project("{9A19103F-16F7-4668-BE54-9A1E7A4F7556}") = "OpenSurvey.Infrastructure", "OpenSurvey.Infrastructure\OpenSurvey.Infrastructure.csproj", "{D977054B-8328-4661-923F-F6B54CCD6523}"
EndProject
Project("{9A19103F-16F7-4668-BE54-9A1E7A4F7556}") = "OpenSurvey.Domain", "OpenSurvey.Domain\OpenSurvey.Domain.csproj", "{6DB1EAE1-FDB8-492A-98F4-5563E47C4FD6}"
EndProject
Project("{FAE04EC0-301F-11D3-BF4B-00C04F79EFBC}") = "OpenSurvey.Application", "OpenSurvey.Application\OpenSurvey.Application.csproj", "{C4124D2C-D940-4288-B7C8-89E3A1B5A0E3}"
EndProject
Global
	GlobalSection(SolutionConfigurationPlatforms) = preSolution
		Debug|Any CPU = Debug|Any CPU
		Release|Any CPU = Release|Any CPU
	EndGlobalSection
	GlobalSection(ProjectConfigurationPlatforms) = postSolution
		{FDD5B9D0-A6D2-4360-9A96-0156978CB3A9}.Debug|Any CPU.ActiveCfg = Debug|Any CPU
		{FDD5B9D0-A6D2-4360-9A96-0156978CB3A9}.Debug|Any CPU.Build.0 = Debug|Any CPU
		{FDD5B9D0-A6D2-4360-9A96-0156978CB3A9}.Release|Any CPU.ActiveCfg = Release|Any CPU
		{FDD5B9D0-A6D2-4360-9A96-0156978CB3A9}.Release|Any CPU.Build.0 = Release|Any CPU
		{D977054B-8328-4661-923F-F6B54CCD6523}.Debug|Any CPU.ActiveCfg = Debug|Any CPU
		{D977054B-8328-4661-923F-F6B54CCD6523}.Debug|Any CPU.Build.0 = Debug|Any CPU
		{D977054B-8328-4661-923F-F6B54CCD6523}.Release|Any CPU.ActiveCfg = Release|Any CPU
		{D977054B-8328-4661-923F-F6B54CCD6523}.Release|Any CPU.Build.0 = Release|Any CPU
		{6DB1EAE1-FDB8-492A-98F4-5563E47C4FD6}.Debug|Any CPU.ActiveCfg = Debug|Any CPU
		{6DB1EAE1-FDB8-492A-98F4-5563E47C4FD6}.Debug|Any CPU.Build.0 = Debug|Any CPU
		{6DB1EAE1-FDB8-492A-98F4-5563E47C4FD6}.Release|Any CPU.ActiveCfg = Release|Any CPU
		{6DB1EAE1-FDB8-492A-98F4-5563E47C4FD6}.Release|Any CPU.Build.0 = Release|Any CPU
		{C4124D2C-D940-4288-B7C8-89E3A1B5A0E3}.Debug|Any CPU.ActiveCfg = Debug|Any CPU
		{C4124D2C-D940-4288-B7C8-89E3A1B5A0E3}.Debug|Any CPU.Build.0 = Debug|Any CPU
		{C4124D2C-D940-4288-B7C8-89E3A1B5A0E3}.Release|Any CPU.ActiveCfg = Release|Any CPU
		{C4124D2C-D940-4288-B7C8-89E3A1B5A0E3}.Release|Any CPU.Build.0 = Release|Any CPU
	EndGlobalSection
	GlobalSection(SolutionProperties) = preSolution
		HideSolutionNode = FALSE
	EndGlobalSection
	GlobalSection(ExtensibilityGlobals) = postSolution
		SolutionGuid = {854144E1-496F-4853-B870-214C5A80DBF4}
	EndGlobalSection
EndGlobal
